{
  "name": "bf-recon",
  "version": "0.0.2",
  "lockfileVersion": 1,
  "dependencies": {
    "promise-task": {
      "version": "1.0.2",
      "resolved": "https://registry.npmjs.org/promise-task/-/promise-task-1.0.2.tgz",
      "integrity": "sha512-3Ll1rCbgYSMnPPpYMCmtVA0cZJwvOeISwKHlGFvsKCPrU76LFPvE3rrbtNbn2el8CgNBHQUXmXivN1zGlxJjpg=="
    }
  }
}
